
Microsoft Visual Studio Solution File, Format Version 12.00
# Visual Studio 15
VisualStudioVersion = 15.0.26730.16
MinimumVisualStudioVersion = 10.0.40219.1
Project("{8BC9CEB8-8B4A-11D0-8D11-00A0C91BC942}") = "HelloCppCalc", "HelloCppCalc\HelloCppCalc.vcxproj", "{AA4320ED-F5B7-49D0-A406-0E8573A497F8}"
EndProject
Project("{FAE04EC0-301F-11D3-BF4B-00C04F79EFBC}") = "CalcApi", "CalcApi\CalcApi.csproj", "{AC2891D6-C44D-47D9-81DB-F64194B68C71}"
EndProject
Project("{E53339B2-1760-4266-BCC7-CA923CBCF16C}") = "docker-compose", "docker-compose.dcproj", "{7F8EC2F7-15B9-4CB1-BE85-ED3A6775EF89}"
EndProject
Global
	GlobalSection(SolutionConfigurationPlatforms) = preSolution
		Debug|Any CPU = Debug|Any CPU
		Debug|x64 = Debug|x64
		Debug|x86 = Debug|x86
		Release|Any CPU = Release|Any CPU
		Release|x64 = Release|x64
		Release|x86 = Release|x86
	EndGlobalSection
	GlobalSection(ProjectConfigurationPlatforms) = postSolution
		{AA4320ED-F5B7-49D0-A406-0E8573A497F8}.Debug|Any CPU.ActiveCfg = Debug|Win32
		{AA4320ED-F5B7-49D0-A406-0E8573A497F8}.Debug|x64.ActiveCfg = Debug|x64
		{AA4320ED-F5B7-49D0-A406-0E8573A497F8}.Debug|x64.Build.0 = Debug|x64
		{AA4320ED-F5B7-49D0-A406-0E8573A497F8}.Debug|x86.ActiveCfg = Debug|Win32
		{AA4320ED-F5B7-49D0-A406-0E8573A497F8}.Debug|x86.Build.0 = Debug|Win32
		{AA4320ED-F5B7-49D0-A406-0E8573A497F8}.Release|Any CPU.ActiveCfg = Release|Win32
		{AA4320ED-F5B7-49D0-A406-0E8573A497F8}.Release|x64.ActiveCfg = Release|x64
		{AA4320ED-F5B7-49D0-A406-0E8573A497F8}.Release|x64.Build.0 = Release|x64
		{AA4320ED-F5B7-49D0-A406-0E8573A497F8}.Release|x86.ActiveCfg = Release|Win32
		{AA4320ED-F5B7-49D0-A406-0E8573A497F8}.Release|x86.Build.0 = Release|Win32
		{AC2891D6-C44D-47D9-81DB-F64194B68C71}.Debug|Any CPU.ActiveCfg = Debug|Any CPU
		{AC2891D6-C44D-47D9-81DB-F64194B68C71}.Debug|Any CPU.Build.0 = Debug|Any CPU
		{AC2891D6-C44D-47D9-81DB-F64194B68C71}.Debug|x64.ActiveCfg = Debug|Any CPU
		{AC2891D6-C44D-47D9-81DB-F64194B68C71}.Debug|x64.Build.0 = Debug|Any CPU
		{AC2891D6-C44D-47D9-81DB-F64194B68C71}.Debug|x86.ActiveCfg = Debug|Any CPU
		{AC2891D6-C44D-47D9-81DB-F64194B68C71}.Debug|x86.Build.0 = Debug|Any CPU
		{AC2891D6-C44D-47D9-81DB-F64194B68C71}.Release|Any CPU.ActiveCfg = Release|Any CPU
		{AC2891D6-C44D-47D9-81DB-F64194B68C71}.Release|Any CPU.Build.0 = Release|Any CPU
		{AC2891D6-C44D-47D9-81DB-F64194B68C71}.Release|x64.ActiveCfg = Release|Any CPU
		{AC2891D6-C44D-47D9-81DB-F64194B68C71}.Release|x64.Build.0 = Release|Any CPU
		{AC2891D6-C44D-47D9-81DB-F64194B68C71}.Release|x86.ActiveCfg = Release|Any CPU
		{AC2891D6-C44D-47D9-81DB-F64194B68C71}.Release|x86.Build.0 = Release|Any CPU
		{7F8EC2F7-15B9-4CB1-BE85-ED3A6775EF89}.Debug|Any CPU.ActiveCfg = Debug|Any CPU
		{7F8EC2F7-15B9-4CB1-BE85-ED3A6775EF89}.Debug|Any CPU.Build.0 = Debug|Any CPU
		{7F8EC2F7-15B9-4CB1-BE85-ED3A6775EF89}.Debug|x64.ActiveCfg = Debug|Any CPU
		{7F8EC2F7-15B9-4CB1-BE85-ED3A6775EF89}.Debug|x64.Build.0 = Debug|Any CPU
		{7F8EC2F7-15B9-4CB1-BE85-ED3A6775EF89}.Debug|x86.ActiveCfg = Debug|Any CPU
		{7F8EC2F7-15B9-4CB1-BE85-ED3A6775EF89}.Debug|x86.Build.0 = Debug|Any CPU
		{7F8EC2F7-15B9-4CB1-BE85-ED3A6775EF89}.Release|Any CPU.ActiveCfg = Release|Any CPU
		{7F8EC2F7-15B9-4CB1-BE85-ED3A6775EF89}.Release|Any CPU.Build.0 = Release|Any CPU
		{7F8EC2F7-15B9-4CB1-BE85-ED3A6775EF89}.Release|x64.ActiveCfg = Release|Any CPU
		{7F8EC2F7-15B9-4CB1-BE85-ED3A6775EF89}.Release|x64.Build.0 = Release|Any CPU
		{7F8EC2F7-15B9-4CB1-BE85-ED3A6775EF89}.Release|x86.ActiveCfg = Release|Any CPU
		{7F8EC2F7-15B9-4CB1-BE85-ED3A6775EF89}.Release|x86.Build.0 = Release|Any CPU
	EndGlobalSection
	GlobalSection(SolutionProperties) = preSolution
		HideSolutionNode = FALSE
	EndGlobalSection
	GlobalSection(ExtensibilityGlobals) = postSolution
		SolutionGuid = {217B6297-5D82-4A97-8376-E23E7DD78143}
	EndGlobalSection
EndGlobal
